{
  "name": "Shoyeb_Prof",
  "lockfileVersion": 2,
  "requires": true,
  "packages": {
    "": {
      "dependencies": {
        "lucide": "^0.263.0"
      }
    },
    "node_modules/lucide": {
      "version": "0.263.0",
      "resolved": "https://registry.npmjs.org/lucide/-/lucide-0.263.0.tgz",
      "integrity": "sha512-Z3CXtFWyZdPDG8i5TOZjP0dXfVK1T6tUdoAFdsdWW32HAJJ0eErN3frh2rt366qaM7fApduNpzCZJqlIdoAjsQ=="
    }
  },
  "dependencies": {
    "lucide": {
      "version": "0.263.0",
      "resolved": "https://registry.npmjs.org/lucide/-/lucide-0.263.0.tgz",
      "integrity": "sha512-Z3CXtFWyZdPDG8i5TOZjP0dXfVK1T6tUdoAFdsdWW32HAJJ0eErN3frh2rt366qaM7fApduNpzCZJqlIdoAjsQ=="
    }
  }
}
